
Microsoft Visual Studio Solution File, Format Version 12.00
# Visual Studio 15
VisualStudioVersion = 15.0.27703.2035
MinimumVisualStudioVersion = 10.0.40219.1
Project("{FAE04EC0-301F-11D3-BF4B-00C04F79EFBC}") = "Curve", "Curve\Curve.csproj", "{7DE694DB-0309-4310-8100-241155F6D207}"
EndProject
Global
	GlobalSection(SolutionConfigurationPlatforms) = preSolution
		Debug|Any CPU = Debug|Any CPU
		Release|Any CPU = Release|Any CPU
	EndGlobalSection
	GlobalSection(ProjectConfigurationPlatforms) = postSolution
		{7DE694DB-0309-4310-8100-241155F6D207}.Debug|Any CPU.ActiveCfg = Debug|Any CPU
		{7DE694DB-0309-4310-8100-241155F6D207}.Debug|Any CPU.Build.0 = Debug|Any CPU
		{7DE694DB-0309-4310-8100-241155F6D207}.Release|Any CPU.ActiveCfg = Release|Any CPU
		{7DE694DB-0309-4310-8100-241155F6D207}.Release|Any CPU.Build.0 = Release|Any CPU
	EndGlobalSection
	GlobalSection(SolutionProperties) = preSolution
		HideSolutionNode = FALSE
	EndGlobalSection
	GlobalSection(ExtensibilityGlobals) = postSolution
		SolutionGuid = {1414C127-1739-4293-A9F4-8B97399089A7}
	EndGlobalSection
EndGlobal
